
Microsoft Visual Studio Solution File, Format Version 12.00
# Visual Studio 15
VisualStudioVersion = 15.0.27130.2020
MinimumVisualStudioVersion = 10.0.40219.1
Project("{FAE04EC0-301F-11D3-BF4B-00C04F79EFBC}") = "LMS.HRMatrix.UI", "LMS.HRMatrix.UI\LMS.HRMatrix.UI.csproj", "{084ED7F5-F309-4123-8E54-30B463107A1A}"
EndProject
Project("{FAE04EC0-301F-11D3-BF4B-00C04F79EFBC}") = "LMS.HRMatrix.UI.Tests", "LMS.HRMatrix.UI.Tests\LMS.HRMatrix.UI.Tests.csproj", "{B817789D-541F-4489-89A2-B30074D851D4}"
EndProject
Project("{FAE04EC0-301F-11D3-BF4B-00C04F79EFBC}") = "LMS.HRMatrix.Data", "LMS.HRMatrix.Data\LMS.HRMatrix.Data.csproj", "{368422E7-7B59-4907-8FF0-7F3C0573EEA0}"
EndProject
Project("{FAE04EC0-301F-11D3-BF4B-00C04F79EFBC}") = "LMS.HRMatrix.Model", "LMS.HRMatrix.Model\LMS.HRMatrix.Model.csproj", "{086121DB-2354-4D8D-A6F0-C3C3DD26DA7C}"
EndProject
Project("{FAE04EC0-301F-11D3-BF4B-00C04F79EFBC}") = "LMS.HRMatrix.Service", "LMS.HRMatrix.Service\LMS.HRMatrix.Service.csproj", "{23D30E16-31C8-4A87-9E61-2DE1C22432EE}"
EndProject
Global
	GlobalSection(SolutionConfigurationPlatforms) = preSolution
		Debug|Any CPU = Debug|Any CPU
		Release|Any CPU = Release|Any CPU
	EndGlobalSection
	GlobalSection(ProjectConfigurationPlatforms) = postSolution
		{084ED7F5-F309-4123-8E54-30B463107A1A}.Debug|Any CPU.ActiveCfg = Debug|Any CPU
		{084ED7F5-F309-4123-8E54-30B463107A1A}.Debug|Any CPU.Build.0 = Debug|Any CPU
		{084ED7F5-F309-4123-8E54-30B463107A1A}.Release|Any CPU.ActiveCfg = Release|Any CPU
		{084ED7F5-F309-4123-8E54-30B463107A1A}.Release|Any CPU.Build.0 = Release|Any CPU
		{B817789D-541F-4489-89A2-B30074D851D4}.Debug|Any CPU.ActiveCfg = Debug|Any CPU
		{B817789D-541F-4489-89A2-B30074D851D4}.Debug|Any CPU.Build.0 = Debug|Any CPU
		{B817789D-541F-4489-89A2-B30074D851D4}.Release|Any CPU.ActiveCfg = Release|Any CPU
		{B817789D-541F-4489-89A2-B30074D851D4}.Release|Any CPU.Build.0 = Release|Any CPU
		{368422E7-7B59-4907-8FF0-7F3C0573EEA0}.Debug|Any CPU.ActiveCfg = Debug|Any CPU
		{368422E7-7B59-4907-8FF0-7F3C0573EEA0}.Debug|Any CPU.Build.0 = Debug|Any CPU
		{368422E7-7B59-4907-8FF0-7F3C0573EEA0}.Release|Any CPU.ActiveCfg = Release|Any CPU
		{368422E7-7B59-4907-8FF0-7F3C0573EEA0}.Release|Any CPU.Build.0 = Release|Any CPU
		{086121DB-2354-4D8D-A6F0-C3C3DD26DA7C}.Debug|Any CPU.ActiveCfg = Debug|Any CPU
		{086121DB-2354-4D8D-A6F0-C3C3DD26DA7C}.Debug|Any CPU.Build.0 = Debug|Any CPU
		{086121DB-2354-4D8D-A6F0-C3C3DD26DA7C}.Release|Any CPU.ActiveCfg = Release|Any CPU
		{086121DB-2354-4D8D-A6F0-C3C3DD26DA7C}.Release|Any CPU.Build.0 = Release|Any CPU
		{23D30E16-31C8-4A87-9E61-2DE1C22432EE}.Debug|Any CPU.ActiveCfg = Debug|Any CPU
		{23D30E16-31C8-4A87-9E61-2DE1C22432EE}.Debug|Any CPU.Build.0 = Debug|Any CPU
		{23D30E16-31C8-4A87-9E61-2DE1C22432EE}.Release|Any CPU.ActiveCfg = Release|Any CPU
		{23D30E16-31C8-4A87-9E61-2DE1C22432EE}.Release|Any CPU.Build.0 = Release|Any CPU
	EndGlobalSection
	GlobalSection(SolutionProperties) = preSolution
		HideSolutionNode = FALSE
	EndGlobalSection
	GlobalSection(ExtensibilityGlobals) = postSolution
		SolutionGuid = {71986021-BE48-4F6C-965E-612C4BE79000}
	EndGlobalSection
EndGlobal
